Microsoft Visual Studio Solution File, Format Version 12.00
# Visual Studio Version 17
VisualStudioVersion = 17.5.2.0
MinimumVisualStudioVersion = 10.0.40219.1
Project("{FAE04EC0-301F-11D3-BF4B-00C04F79EFBC}") = "teaBackend", "teaBackend\teaBackend.csproj", "{5A1CAB48-8DB8-3C59-D97C-FC38069CECEE}"
EndProject
Global
	GlobalSection(SolutionConfigurationPlatforms) = preSolution
		Debug|Any CPU = Debug|Any CPU
		Release|Any CPU = Release|Any CPU
	EndGlobalSection
	GlobalSection(ProjectConfigurationPlatforms) = postSolution
		{5A1CAB48-8DB8-3C59-D97C-FC38069CECEE}.Debug|Any CPU.ActiveCfg = Debug|Any CPU
		{5A1CAB48-8DB8-3C59-D97C-FC38069CECEE}.Debug|Any CPU.Build.0 = Debug|Any CPU
		{5A1CAB48-8DB8-3C59-D97C-FC38069CECEE}.Release|Any CPU.ActiveCfg = Release|Any CPU
		{5A1CAB48-8DB8-3C59-D97C-FC38069CECEE}.Release|Any CPU.Build.0 = Release|Any CPU
	EndGlobalSection
	GlobalSection(SolutionProperties) = preSolution
		HideSolutionNode = FALSE
	EndGlobalSection
	GlobalSection(ExtensibilityGlobals) = postSolution
		SolutionGuid = {0B71E373-8F52-429A-8DB4-467BB9908F24}
	EndGlobalSection
EndGlobal
