Microsoft Visual Studio Solution File, Format Version 12.00
# Visual Studio Version 17
VisualStudioVersion = 17.5.2.0
MinimumVisualStudioVersion = 10.0.40219.1
Project("{FAE04EC0-301F-11D3-BF4B-00C04F79EFBC}") = "teaBackend", "teaBackend.csproj", "{A9591E0E-331F-0AB6-B4E0-62D5E0C811C3}"
EndProject
Global
	GlobalSection(SolutionConfigurationPlatforms) = preSolution
		Debug|Any CPU = Debug|Any CPU
		Release|Any CPU = Release|Any CPU
	EndGlobalSection
	GlobalSection(ProjectConfigurationPlatforms) = postSolution
		{A9591E0E-331F-0AB6-B4E0-62D5E0C811C3}.Debug|Any CPU.ActiveCfg = Debug|Any CPU
		{A9591E0E-331F-0AB6-B4E0-62D5E0C811C3}.Debug|Any CPU.Build.0 = Debug|Any CPU
		{A9591E0E-331F-0AB6-B4E0-62D5E0C811C3}.Release|Any CPU.ActiveCfg = Release|Any CPU
		{A9591E0E-331F-0AB6-B4E0-62D5E0C811C3}.Release|Any CPU.Build.0 = Release|Any CPU
	EndGlobalSection
	GlobalSection(SolutionProperties) = preSolution
		HideSolutionNode = FALSE
	EndGlobalSection
	GlobalSection(ExtensibilityGlobals) = postSolution
		SolutionGuid = {9C726B3F-8B8A-4E1A-AC30-24D89875DF7D}
	EndGlobalSection
EndGlobal
